{"filter":false,"title":"Gemfile.lock","tooltip":"~/app/Gemfile.lock","undoManager":{"mark":-1,"position":-1,"stack":[]},"ace":{"folds":[],"scrolltop":1050,"scrollleft":0,"selection":{"start":{"row":0,"column":0},"end":{"row":0,"column":0},"isBackwards":false},"options":{"guessTabSize":true,"useWrapMode":false,"wrapToView":true},"firstLineState":{"row":38,"state":"start","mode":"ace/mode/text"}},"timestamp":1549965548520,"hash":"bc99f6a14d111ad32c4ebd2ed1349aa4f10c5fae"}